
Microsoft Visual Studio Solution File, Format Version 12.00
# Visual Studio Version 17
VisualStudioVersion = 17.12.35527.113
MinimumVisualStudioVersion = 10.0.40219.1
Project("{FAE04EC0-301F-11D3-BF4B-00C04F79EFBC}") = "GUI", "GUI\GUI.csproj", "{22744E3A-08BE-46B0-8081-A0AA364E6AD2}"
EndProject
Project("{FAE04EC0-301F-11D3-BF4B-00C04F79EFBC}") = "DAL", "test\DAL.csproj", "{BC8B27BC-BFA7-430F-A22D-F8358542AC00}"
EndProject
Project("{FAE04EC0-301F-11D3-BF4B-00C04F79EFBC}") = "BLL", "ClassLibrary1\BLL.csproj", "{5CC633EF-76ED-4DC0-AFE0-82155F2D6560}"
EndProject
Project("{FAE04EC0-301F-11D3-BF4B-00C04F79EFBC}") = "DTO", "ClassLibrary2\DTO.csproj", "{7A10FB44-461F-4BEA-B389-C4F245FBF1AE}"
EndProject
Global
	GlobalSection(SolutionConfigurationPlatforms) = preSolution
		Debug|Any CPU = Debug|Any CPU
		Release|Any CPU = Release|Any CPU
	EndGlobalSection
	GlobalSection(ProjectConfigurationPlatforms) = postSolution
		{22744E3A-08BE-46B0-8081-A0AA364E6AD2}.Debug|Any CPU.ActiveCfg = Debug|Any CPU
		{22744E3A-08BE-46B0-8081-A0AA364E6AD2}.Debug|Any CPU.Build.0 = Debug|Any CPU
		{22744E3A-08BE-46B0-8081-A0AA364E6AD2}.Release|Any CPU.ActiveCfg = Release|Any CPU
		{22744E3A-08BE-46B0-8081-A0AA364E6AD2}.Release|Any CPU.Build.0 = Release|Any CPU
		{BC8B27BC-BFA7-430F-A22D-F8358542AC00}.Debug|Any CPU.ActiveCfg = Debug|Any CPU
		{BC8B27BC-BFA7-430F-A22D-F8358542AC00}.Debug|Any CPU.Build.0 = Debug|Any CPU
		{BC8B27BC-BFA7-430F-A22D-F8358542AC00}.Release|Any CPU.ActiveCfg = Release|Any CPU
		{BC8B27BC-BFA7-430F-A22D-F8358542AC00}.Release|Any CPU.Build.0 = Release|Any CPU
		{5CC633EF-76ED-4DC0-AFE0-82155F2D6560}.Debug|Any CPU.ActiveCfg = Debug|Any CPU
		{5CC633EF-76ED-4DC0-AFE0-82155F2D6560}.Debug|Any CPU.Build.0 = Debug|Any CPU
		{5CC633EF-76ED-4DC0-AFE0-82155F2D6560}.Release|Any CPU.ActiveCfg = Release|Any CPU
		{5CC633EF-76ED-4DC0-AFE0-82155F2D6560}.Release|Any CPU.Build.0 = Release|Any CPU
		{7A10FB44-461F-4BEA-B389-C4F245FBF1AE}.Debug|Any CPU.ActiveCfg = Debug|Any CPU
		{7A10FB44-461F-4BEA-B389-C4F245FBF1AE}.Debug|Any CPU.Build.0 = Debug|Any CPU
		{7A10FB44-461F-4BEA-B389-C4F245FBF1AE}.Release|Any CPU.ActiveCfg = Release|Any CPU
		{7A10FB44-461F-4BEA-B389-C4F245FBF1AE}.Release|Any CPU.Build.0 = Release|Any CPU
	EndGlobalSection
	GlobalSection(SolutionProperties) = preSolution
		HideSolutionNode = FALSE
	EndGlobalSection
EndGlobal
